
Microsoft Visual Studio Solution File, Format Version 12.00
# Visual Studio Version 16
VisualStudioVersion = 16.0.31702.278
MinimumVisualStudioVersion = 10.0.40219.1
Project("{FAE04EC0-301F-11D3-BF4B-00C04F79EFBC}") = "week9Assignment", "week9Assignment.csproj", "{DD0471A8-0182-463A-8472-57403077A791}"
EndProject
Global
	GlobalSection(SolutionConfigurationPlatforms) = preSolution
		Debug|Any CPU = Debug|Any CPU
		Release|Any CPU = Release|Any CPU
	EndGlobalSection
	GlobalSection(ProjectConfigurationPlatforms) = postSolution
		{DD0471A8-0182-463A-8472-57403077A791}.Debug|Any CPU.ActiveCfg = Debug|Any CPU
		{DD0471A8-0182-463A-8472-57403077A791}.Debug|Any CPU.Build.0 = Debug|Any CPU
		{DD0471A8-0182-463A-8472-57403077A791}.Release|Any CPU.ActiveCfg = Release|Any CPU
		{DD0471A8-0182-463A-8472-57403077A791}.Release|Any CPU.Build.0 = Release|Any CPU
	EndGlobalSection
	GlobalSection(SolutionProperties) = preSolution
		HideSolutionNode = FALSE
	EndGlobalSection
	GlobalSection(ExtensibilityGlobals) = postSolution
		SolutionGuid = {8CF06A34-F836-449E-97A7-AF8C0ACB526D}
	EndGlobalSection
EndGlobal
